{
  "name": "solarnetwork-d3",
  "version": "0.16.0",
  "lockfileVersion": 3,
  "requires": true,
  "packages": {
    "": {
      "name": "solarnetwork-d3",
      "version": "0.16.0",
      "license": "Apache-2.0",
      "dependencies": {
        "colorbrewer": "^0.x",
        "crypto-js": "^3.x",
        "d3": "^3.x",
        "queue-async": "^1.x",
        "uri-js": "^2.x"
      },
      "devDependencies": {
        "smash": "^0.0.15",
        "uglify-js": "^2.x"
      }
    },
    "node_modules/align-text": {
      "version": "0.1.4",
      "dev": true,
      "license": "MIT",
      "dependencies": {
        "kind-of": "^3.0.2",
        "longest": "^1.0.1",
        "repeat-string": "^1.5.2"
      },
      "engines": {
        "node": ">=0.10.0"
      }
    },
    "node_modules/async": {
      "version": "0.2.10",
      "dev": true
    },
    "node_modules/camelcase": {
      "version": "1.2.1",
      "dev": true,
      "license": "MIT",
      "engines": {
        "node": ">=0.10.0"
      }
    },
    "node_modules/center-align": {
      "version": "0.1.3",
      "dev": true,
      "license": "MIT",
      "dependencies": {
        "align-text": "^0.1.3",
        "lazy-cache": "^1.0.3"
      },
      "engines": {
        "node": ">=0.10.0"
      }
    },
    "node_modules/cliui": {
      "version": "2.1.0",
      "dev": true,
      "license": "ISC",
      "dependencies": {
        "center-align": "^0.1.1",
        "right-align": "^0.1.1",
        "wordwrap": "0.0.2"
      }
    },
    "node_modules/cliui/node_modules/wordwrap": {
      "version": "0.0.2",
      "dev": true,
      "license": "MIT/X11",
      "engines": {
        "node": ">=0.4.0"
      }
    },
    "node_modules/colorbrewer": {
      "version": "0.0.2",
      "license": [
        {
          "type": "Apache-Style",
          "url": "https://github.com/saikocat/colorbrewer/blob/master/LICENSE.txt"
        }
      ]
    },
    "node_modules/crypto-js": {
      "version": "3.1.6",
      "license": "MIT"
    },
    "node_modules/d3": {
      "version": "3.5.17",
      "license": "BSD-3-Clause"
    },
    "node_modules/decamelize": {
      "version": "1.2.0",
      "dev": true,
      "license": "MIT",
      "engines": {
        "node": ">=0.10.0"
      }
    },
    "node_modules/is-buffer": {
      "version": "1.1.3",
      "dev": true,
      "license": "MIT",
      "engines": {
        "node": ">=0.12"
      }
    },
    "node_modules/kind-of": {
      "version": "3.0.3",
      "dev": true,
      "license": "MIT",
      "dependencies": {
        "is-buffer": "^1.0.2"
      },
      "engines": {
        "node": ">=0.10.0"
      }
    },
    "node_modules/lazy-cache": {
      "version": "1.0.4",
      "dev": true,
      "license": "MIT",
      "engines": {
        "node": ">=0.10.0"
      }
    },
    "node_modules/longest": {
      "version": "1.0.1",
      "dev": true,
      "license": "MIT",
      "engines": {
        "node": ">=0.10.0"
      }
    },
    "node_modules/optimist": {
      "version": "0.3.7",
      "dev": true,
      "license": "MIT/X11",
      "dependencies": {
        "wordwrap": "~0.0.2"
      }
    },
    "node_modules/queue-async": {
      "version": "1.2.1",
      "license": "BSD-3-Clause"
    },
    "node_modules/repeat-string": {
      "version": "1.5.4",
      "dev": true,
      "license": "MIT",
      "engines": {
        "node": ">=0.10"
      }
    },
    "node_modules/right-align": {
      "version": "0.1.3",
      "dev": true,
      "license": "MIT",
      "dependencies": {
        "align-text": "^0.1.1"
      },
      "engines": {
        "node": ">=0.10.0"
      }
    },
    "node_modules/smash": {
      "version": "0.0.15",
      "dev": true,
      "dependencies": {
        "optimist": "0.3.x",
        "queue-async": "1.0.x"
      },
      "bin": {
        "smash": "smash"
      },
      "engines": {
        "node": ">=0.10.0"
      }
    },
    "node_modules/smash/node_modules/queue-async": {
      "version": "1.0.7",
      "deprecated": "renamed to d3-queue",
      "dev": true
    },
    "node_modules/source-map": {
      "version": "0.5.6",
      "dev": true,
      "license": "BSD-3-Clause",
      "engines": {
        "node": ">=0.10.0"
      }
    },
    "node_modules/uglify-js": {
      "version": "2.6.2",
      "dev": true,
      "license": "BSD-2-Clause",
      "dependencies": {
        "async": "~0.2.6",
        "source-map": "~0.5.1",
        "uglify-to-browserify": "~1.0.0",
        "yargs": "~3.10.0"
      },
      "bin": {
        "uglifyjs": "bin/uglifyjs"
      },
      "engines": {
        "node": ">=0.8.0"
      }
    },
    "node_modules/uglify-to-browserify": {
      "version": "1.0.2",
      "dev": true,
      "license": "MIT"
    },
    "node_modules/uri-js": {
      "version": "2.1.1",
      "resolved": "https://registry.npmjs.org/uri-js/-/uri-js-2.1.1.tgz",
      "integrity": "sha512-Mzott4fGJhw0z8q6P+QrQzijicqmfat55MdxD48gN9yXe8gBOGhcvc2hRVyNXzFa9xzCAep6CqWS6pbyajqE1g=="
    },
    "node_modules/window-size": {
      "version": "0.1.0",
      "dev": true,
      "engines": {
        "node": ">= 0.8.0"
      }
    },
    "node_modules/wordwrap": {
      "version": "0.0.3",
      "dev": true,
      "license": "MIT",
      "engines": {
        "node": ">=0.4.0"
      }
    },
    "node_modules/yargs": {
      "version": "3.10.0",
      "dev": true,
      "license": "MIT",
      "dependencies": {
        "camelcase": "^1.0.2",
        "cliui": "^2.1.0",
        "decamelize": "^1.0.0",
        "window-size": "0.1.0"
      }
    }
  }
}
