{
  "name": "solarnetwork-d3",
  "version": "0.16.1-dev.0",
  "lockfileVersion": 3,
  "requires": true,
  "packages": {
    "": {
      "name": "solarnetwork-d3",
      "version": "0.16.1-dev.0",
      "license": "Apache-2.0",
      "dependencies": {
        "colorbrewer": "^0.x",
        "crypto-js": "^4.2.0",
        "d3": "^3.x",
        "queue-async": "^1.x",
        "uri-js": "^4.4.1"
      },
      "devDependencies": {
        "smash": "^0.0.15",
        "uglify-js": "^3.19.3"
      }
    },
    "node_modules/colorbrewer": {
      "version": "0.0.2",
      "license": [
        {
          "type": "Apache-Style",
          "url": "https://github.com/saikocat/colorbrewer/blob/master/LICENSE.txt"
        }
      ]
    },
    "node_modules/crypto-js": {
      "version": "4.2.0",
      "resolved": "https://registry.npmjs.org/crypto-js/-/crypto-js-4.2.0.tgz",
      "integrity": "sha512-KALDyEYgpY+Rlob/iriUtjV6d5Eq+Y191A5g4UqLAi8CyGP9N1+FdVbkc1SxKc2r4YAYqG8JzO2KGL+AizD70Q==",
      "license": "MIT"
    },
    "node_modules/d3": {
      "version": "3.5.17",
      "license": "BSD-3-Clause"
    },
    "node_modules/optimist": {
      "version": "0.3.7",
      "dev": true,
      "license": "MIT/X11",
      "dependencies": {
        "wordwrap": "~0.0.2"
      }
    },
    "node_modules/punycode": {
      "version": "2.3.1",
      "resolved": "https://registry.npmjs.org/punycode/-/punycode-2.3.1.tgz",
      "integrity": "sha512-vYt7UD1U9Wg6138shLtLOvdAu+8DsC/ilFtEVHcH+wydcSpNE20AfSOduf6MkRFahL5FY7X1oU7nKVZFtfq8Fg==",
      "license": "MIT",
      "engines": {
        "node": ">=6"
      }
    },
    "node_modules/queue-async": {
      "version": "1.2.1",
      "license": "BSD-3-Clause"
    },
    "node_modules/smash": {
      "version": "0.0.15",
      "dev": true,
      "dependencies": {
        "optimist": "0.3.x",
        "queue-async": "1.0.x"
      },
      "bin": {
        "smash": "smash"
      },
      "engines": {
        "node": ">=0.10.0"
      }
    },
    "node_modules/smash/node_modules/queue-async": {
      "version": "1.0.7",
      "deprecated": "renamed to d3-queue",
      "dev": true
    },
    "node_modules/uglify-js": {
      "version": "3.19.3",
      "resolved": "https://registry.npmjs.org/uglify-js/-/uglify-js-3.19.3.tgz",
      "integrity": "sha512-v3Xu+yuwBXisp6QYTcH4UbH+xYJXqnq2m/LtQVWKWzYc1iehYnLixoQDN9FH6/j9/oybfd6W9Ghwkl8+UMKTKQ==",
      "dev": true,
      "license": "BSD-2-Clause",
      "bin": {
        "uglifyjs": "bin/uglifyjs"
      },
      "engines": {
        "node": ">=0.8.0"
      }
    },
    "node_modules/uri-js": {
      "version": "4.4.1",
      "resolved": "https://registry.npmjs.org/uri-js/-/uri-js-4.4.1.tgz",
      "integrity": "sha512-7rKUyy33Q1yc98pQ1DAmLtwX109F7TIfWlW1Ydo8Wl1ii1SeHieeh0HHfPeL2fMXK6z0s8ecKs9frCuLJvndBg==",
      "license": "BSD-2-Clause",
      "dependencies": {
        "punycode": "^2.1.0"
      }
    },
    "node_modules/wordwrap": {
      "version": "0.0.3",
      "dev": true,
      "license": "MIT",
      "engines": {
        "node": ">=0.4.0"
      }
    }
  }
}
